<Solution>
  <Folder Name="/Solution Items/">
    <File Path="readme.md" />
  </Folder>
  <Folder Name="/src/">
    <Project Path="src/DelegateInjection/DelegateInjection.csproj" />
  </Folder>
  <Folder Name="/test/">
    <Project Path="test/DelegateInjection.Test/DelegateInjection.Test.csproj" />
  </Folder>
</Solution>
